
Microsoft Visual Studio Solution File, Format Version 12.00
# Visual Studio Version 17
VisualStudioVersion = 17.8.34511.84
MinimumVisualStudioVersion = 10.0.40219.1
Project("{FAE04EC0-301F-11D3-BF4B-00C04F79EFBC}") = "233N_Lab2_Banhart", "233N_Lab2_Banhart\233N_Lab2_Banhart.csproj", "{28AF13F7-4940-4654-8992-62BC04F7A2C3}"
EndProject
Global
	GlobalSection(SolutionConfigurationPlatforms) = preSolution
		Debug|Any CPU = Debug|Any CPU
		Release|Any CPU = Release|Any CPU
	EndGlobalSection
	GlobalSection(ProjectConfigurationPlatforms) = postSolution
		{28AF13F7-4940-4654-8992-62BC04F7A2C3}.Debug|Any CPU.ActiveCfg = Debug|Any CPU
		{28AF13F7-4940-4654-8992-62BC04F7A2C3}.Debug|Any CPU.Build.0 = Debug|Any CPU
		{28AF13F7-4940-4654-8992-62BC04F7A2C3}.Release|Any CPU.ActiveCfg = Release|Any CPU
		{28AF13F7-4940-4654-8992-62BC04F7A2C3}.Release|Any CPU.Build.0 = Release|Any CPU
	EndGlobalSection
	GlobalSection(SolutionProperties) = preSolution
		HideSolutionNode = FALSE
	EndGlobalSection
	GlobalSection(ExtensibilityGlobals) = postSolution
		SolutionGuid = {300C7BEB-22AC-4744-A7A4-ADB8B70B809F}
	EndGlobalSection
EndGlobal
